
Microsoft Visual Studio Solution File, Format Version 12.00
# Visual Studio Version 16
VisualStudioVersion = 16.0.31424.327
MinimumVisualStudioVersion = 10.0.40219.1
Project("{8BC9CEB8-8B4A-11D0-8D11-00A0C91BC942}") = "cameraCalibration", "cameraCalibration\cameraCalibration.vcxproj", "{B7D0DB0B-9BF3-4AAE-A75C-D08DEEB93798}"
EndProject
Global
	GlobalSection(SolutionConfigurationPlatforms) = preSolution
		Debug|x64 = Debug|x64
		Release|x64 = Release|x64
	EndGlobalSection
	GlobalSection(ProjectConfigurationPlatforms) = postSolution
		{B7D0DB0B-9BF3-4AAE-A75C-D08DEEB93798}.Debug|x64.ActiveCfg = Debug|x64
		{B7D0DB0B-9BF3-4AAE-A75C-D08DEEB93798}.Debug|x64.Build.0 = Debug|x64
		{B7D0DB0B-9BF3-4AAE-A75C-D08DEEB93798}.Release|x64.ActiveCfg = Release|x64
		{B7D0DB0B-9BF3-4AAE-A75C-D08DEEB93798}.Release|x64.Build.0 = Release|x64
	EndGlobalSection
	GlobalSection(SolutionProperties) = preSolution
		HideSolutionNode = FALSE
	EndGlobalSection
	GlobalSection(ExtensibilityGlobals) = postSolution
		SolutionGuid = {4AA044E7-ABC0-4715-BE86-347E332FF683}
	EndGlobalSection
EndGlobal
